
Microsoft Visual Studio Solution File, Format Version 12.00
# Visual Studio Version 17
VisualStudioVersion = 17.6.33723.286
MinimumVisualStudioVersion = 10.0.40219.1
Project("{8BC9CEB8-8B4A-11D0-8D11-00A0C91BC942}") = "AssemblyAndC", "Episode1\AssemblyAndC\AssemblyAndC.vcxproj", "{B6DFCD0B-A590-489A-BD7D-54EDE27EBCCA}"
EndProject
Project("{8BC9CEB8-8B4A-11D0-8D11-00A0C91BC942}") = "AssemblyOnly", "Episode1\AssemblyOnly\AssemblyOnly.vcxproj", "{2428959B-A8CD-4714-925C-449824952972}"
EndProject
Project("{2150E333-8FDC-42A3-9474-1A3956D46DE8}") = "Episode 1", "Episode 1", "{61B13938-2A49-4055-9F82-408CA73A43E0}"
EndProject
Project("{2150E333-8FDC-42A3-9474-1A3956D46DE8}") = "Episode 2", "Episode 2", "{00B8EA82-EE93-4557-A6F6-27E1FF7E9EB7}"
EndProject
Project("{8BC9CEB8-8B4A-11D0-8D11-00A0C91BC942}") = "Registers+MOV", "Episode2\Registers+MOV\Registers+MOV.vcxproj", "{A1259A23-9513-4BC9-955C-8460C98A84AF}"
EndProject
Project("{2150E333-8FDC-42A3-9474-1A3956D46DE8}") = "Episode 3", "Episode 3", "{95ABA174-1152-401A-9D3E-9D6CDE2B9228}"
EndProject
Project("{8BC9CEB8-8B4A-11D0-8D11-00A0C91BC942}") = "Directives", "Episode3\Directives\Directives.vcxproj", "{58E5588C-DC09-4951-B8B0-3EF2BABD38F4}"
EndProject
Project("{2150E333-8FDC-42A3-9474-1A3956D46DE8}") = "Episode 4", "Episode 4", "{BDAB1C19-10D8-42C3-B247-7EBF52866D78}"
EndProject
Project("{8BC9CEB8-8B4A-11D0-8D11-00A0C91BC942}") = "Add_Sub_Inc_Dec", "Episode4\Add_Sub_Inc_Dec\Add_Sub_Inc_Dec.vcxproj", "{49E26C62-F111-4C69-AC6A-784B219B9ADE}"
EndProject
Project("{8BC9CEB8-8B4A-11D0-8D11-00A0C91BC942}") = "Flags", "Episode5\Flags\Flags.vcxproj", "{03695492-74FF-4903-BE0B-6B46CFABA571}"
EndProject
Project("{2150E333-8FDC-42A3-9474-1A3956D46DE8}") = "Episode 5", "Episode 5", "{5A70F316-4DFE-4502-9A21-51B2BD05D446}"
EndProject
Project("{8BC9CEB8-8B4A-11D0-8D11-00A0C91BC942}") = "ConditionalJumps", "Episode6\ConditionalJumps\ConditionalJumps.vcxproj", "{4DD40142-837D-4461-BA3F-0A805A2A057A}"
EndProject
Project("{2150E333-8FDC-42A3-9474-1A3956D46DE8}") = "Episode 6", "Episode 6", "{F3695239-C1C4-487E-A513-9D53EDECD849}"
EndProject
Project("{2150E333-8FDC-42A3-9474-1A3956D46DE8}") = "Episode 7", "Episode 7", "{BAD8B21D-E3A6-4E48-B460-E07CDA086953}"
EndProject
Project("{8BC9CEB8-8B4A-11D0-8D11-00A0C91BC942}") = "CmpInstruction", "Episode7\CmpInstruction\CmpInstruction.vcxproj", "{B1ED6EA7-DD8F-4F43-B429-4EB53F83041E}"
EndProject
Project("{2150E333-8FDC-42A3-9474-1A3956D46DE8}") = "Episode 8", "Episode 8", "{F01AFD1D-F14F-405A-ACAF-5CD165266DC1}"
EndProject
Project("{8BC9CEB8-8B4A-11D0-8D11-00A0C91BC942}") = "DebuggingAssemblyCode", "Episode8\DebuggingAssemblyCode\DebuggingAssemblyCode.vcxproj", "{99AC3A86-A531-4D77-92F9-461B12DC9B9C}"
EndProject
Project("{2150E333-8FDC-42A3-9474-1A3956D46DE8}") = "Episode 9", "Episode 9", "{C2B7084E-0A4D-415C-B798-6AF9D358861C}"
EndProject
Project("{8BC9CEB8-8B4A-11D0-8D11-00A0C91BC942}") = "Stack", "Episode9\Stack\Stack.vcxproj", "{9D66960B-9A65-4EBC-A634-54069B572D11}"
EndProject
Project("{2150E333-8FDC-42A3-9474-1A3956D46DE8}") = "Episode_10", "Episode_10", "{FB0B381C-979C-4651-AE85-A2E92A6579CB}"
EndProject
Project("{8BC9CEB8-8B4A-11D0-8D11-00A0C91BC942}") = "Printf", "Episode10\Printf\Printf.vcxproj", "{B21A457E-3E5C-4E42-9AFB-538781AD9F39}"
EndProject
Project("{2150E333-8FDC-42A3-9474-1A3956D46DE8}") = "Episode_11", "Episode_11", "{65103D72-F115-49D4-BEAD-F0481A7C80E3}"
EndProject
Project("{8BC9CEB8-8B4A-11D0-8D11-00A0C91BC942}") = "Disassembly", "Episode11\Disassembly\Disassembly.vcxproj", "{E303115F-3605-4683-A43D-57D46D553F27}"
EndProject
Project("{2150E333-8FDC-42A3-9474-1A3956D46DE8}") = "Episode_12", "Episode_12", "{10BB7B6A-C1ED-49E8-8222-2D3943458912}"
EndProject
Project("{8BC9CEB8-8B4A-11D0-8D11-00A0C91BC942}") = "Scanf", "Episode12\Scanf\Scanf.vcxproj", "{840F8D30-4C17-4596-890B-0CD8281307E4}"
EndProject
Project("{2150E333-8FDC-42A3-9474-1A3956D46DE8}") = "Episode_13", "Episode_13", "{7C5C8E6E-462B-48F4-9D85-F162F59FD5CF}"
EndProject
Project("{8BC9CEB8-8B4A-11D0-8D11-00A0C91BC942}") = "BitwiseLogicalInstructions", "Episode13\BitwiseLogicalInstructions\BitwiseLogicalInstructions.vcxproj", "{4F3265E2-67C5-4967-B8FA-1571762A8294}"
EndProject
Project("{2150E333-8FDC-42A3-9474-1A3956D46DE8}") = "Episode_14", "Episode_14", "{D354EE7B-7CE9-48C7-B7D8-217592787F83}"
EndProject
Project("{8BC9CEB8-8B4A-11D0-8D11-00A0C91BC942}") = "NumberGuessingGame", "Episode14\NumberGuessingGame\NumberGuessingGame.vcxproj", "{B3E230C9-A303-4C68-8691-8AB0822925C3}"
EndProject
Project("{2150E333-8FDC-42A3-9474-1A3956D46DE8}") = "Episode_15", "Episode_15", "{36099529-66C7-49EF-AFDA-F3D3F0AF19D0}"
EndProject
Project("{8BC9CEB8-8B4A-11D0-8D11-00A0C91BC942}") = "CreateWindow", "Episode15\CreateWindow\CreateWindow.vcxproj", "{A5DD5FF2-D454-456E-B80A-7E77EAFB4433}"
EndProject
Global
	GlobalSection(SolutionConfigurationPlatforms) = preSolution
		Debug|x64 = Debug|x64
		Release|x64 = Release|x64
	EndGlobalSection
	GlobalSection(ProjectConfigurationPlatforms) = postSolution
		{B6DFCD0B-A590-489A-BD7D-54EDE27EBCCA}.Debug|x64.ActiveCfg = Debug|x64
		{B6DFCD0B-A590-489A-BD7D-54EDE27EBCCA}.Debug|x64.Build.0 = Debug|x64
		{B6DFCD0B-A590-489A-BD7D-54EDE27EBCCA}.Release|x64.ActiveCfg = Release|x64
		{B6DFCD0B-A590-489A-BD7D-54EDE27EBCCA}.Release|x64.Build.0 = Release|x64
		{2428959B-A8CD-4714-925C-449824952972}.Debug|x64.ActiveCfg = Debug|x64
		{2428959B-A8CD-4714-925C-449824952972}.Debug|x64.Build.0 = Debug|x64
		{2428959B-A8CD-4714-925C-449824952972}.Release|x64.ActiveCfg = Release|x64
		{2428959B-A8CD-4714-925C-449824952972}.Release|x64.Build.0 = Release|x64
		{A1259A23-9513-4BC9-955C-8460C98A84AF}.Debug|x64.ActiveCfg = Debug|x64
		{A1259A23-9513-4BC9-955C-8460C98A84AF}.Debug|x64.Build.0 = Debug|x64
		{A1259A23-9513-4BC9-955C-8460C98A84AF}.Release|x64.ActiveCfg = Release|x64
		{A1259A23-9513-4BC9-955C-8460C98A84AF}.Release|x64.Build.0 = Release|x64
		{58E5588C-DC09-4951-B8B0-3EF2BABD38F4}.Debug|x64.ActiveCfg = Debug|x64
		{58E5588C-DC09-4951-B8B0-3EF2BABD38F4}.Debug|x64.Build.0 = Debug|x64
		{58E5588C-DC09-4951-B8B0-3EF2BABD38F4}.Release|x64.ActiveCfg = Release|x64
		{58E5588C-DC09-4951-B8B0-3EF2BABD38F4}.Release|x64.Build.0 = Release|x64
		{49E26C62-F111-4C69-AC6A-784B219B9ADE}.Debug|x64.ActiveCfg = Debug|x64
		{49E26C62-F111-4C69-AC6A-784B219B9ADE}.Debug|x64.Build.0 = Debug|x64
		{49E26C62-F111-4C69-AC6A-784B219B9ADE}.Release|x64.ActiveCfg = Release|x64
		{49E26C62-F111-4C69-AC6A-784B219B9ADE}.Release|x64.Build.0 = Release|x64
		{03695492-74FF-4903-BE0B-6B46CFABA571}.Debug|x64.ActiveCfg = Debug|x64
		{03695492-74FF-4903-BE0B-6B46CFABA571}.Debug|x64.Build.0 = Debug|x64
		{03695492-74FF-4903-BE0B-6B46CFABA571}.Release|x64.ActiveCfg = Release|x64
		{03695492-74FF-4903-BE0B-6B46CFABA571}.Release|x64.Build.0 = Release|x64
		{4DD40142-837D-4461-BA3F-0A805A2A057A}.Debug|x64.ActiveCfg = Debug|x64
		{4DD40142-837D-4461-BA3F-0A805A2A057A}.Debug|x64.Build.0 = Debug|x64
		{4DD40142-837D-4461-BA3F-0A805A2A057A}.Release|x64.ActiveCfg = Release|x64
		{4DD40142-837D-4461-BA3F-0A805A2A057A}.Release|x64.Build.0 = Release|x64
		{B1ED6EA7-DD8F-4F43-B429-4EB53F83041E}.Debug|x64.ActiveCfg = Debug|x64
		{B1ED6EA7-DD8F-4F43-B429-4EB53F83041E}.Debug|x64.Build.0 = Debug|x64
		{B1ED6EA7-DD8F-4F43-B429-4EB53F83041E}.Release|x64.ActiveCfg = Release|x64
		{B1ED6EA7-DD8F-4F43-B429-4EB53F83041E}.Release|x64.Build.0 = Release|x64
		{99AC3A86-A531-4D77-92F9-461B12DC9B9C}.Debug|x64.ActiveCfg = Debug|x64
		{99AC3A86-A531-4D77-92F9-461B12DC9B9C}.Debug|x64.Build.0 = Debug|x64
		{99AC3A86-A531-4D77-92F9-461B12DC9B9C}.Release|x64.ActiveCfg = Release|x64
		{99AC3A86-A531-4D77-92F9-461B12DC9B9C}.Release|x64.Build.0 = Release|x64
		{9D66960B-9A65-4EBC-A634-54069B572D11}.Debug|x64.ActiveCfg = Debug|x64
		{9D66960B-9A65-4EBC-A634-54069B572D11}.Debug|x64.Build.0 = Debug|x64
		{9D66960B-9A65-4EBC-A634-54069B572D11}.Release|x64.ActiveCfg = Release|x64
		{9D66960B-9A65-4EBC-A634-54069B572D11}.Release|x64.Build.0 = Release|x64
		{B21A457E-3E5C-4E42-9AFB-538781AD9F39}.Debug|x64.ActiveCfg = Debug|x64
		{B21A457E-3E5C-4E42-9AFB-538781AD9F39}.Debug|x64.Build.0 = Debug|x64
		{B21A457E-3E5C-4E42-9AFB-538781AD9F39}.Release|x64.ActiveCfg = Release|x64
		{B21A457E-3E5C-4E42-9AFB-538781AD9F39}.Release|x64.Build.0 = Release|x64
		{E303115F-3605-4683-A43D-57D46D553F27}.Debug|x64.ActiveCfg = Debug|x64
		{E303115F-3605-4683-A43D-57D46D553F27}.Debug|x64.Build.0 = Debug|x64
		{E303115F-3605-4683-A43D-57D46D553F27}.Release|x64.ActiveCfg = Release|x64
		{E303115F-3605-4683-A43D-57D46D553F27}.Release|x64.Build.0 = Release|x64
		{840F8D30-4C17-4596-890B-0CD8281307E4}.Debug|x64.ActiveCfg = Debug|x64
		{840F8D30-4C17-4596-890B-0CD8281307E4}.Debug|x64.Build.0 = Debug|x64
		{840F8D30-4C17-4596-890B-0CD8281307E4}.Release|x64.ActiveCfg = Release|x64
		{840F8D30-4C17-4596-890B-0CD8281307E4}.Release|x64.Build.0 = Release|x64
		{4F3265E2-67C5-4967-B8FA-1571762A8294}.Debug|x64.ActiveCfg = Debug|x64
		{4F3265E2-67C5-4967-B8FA-1571762A8294}.Debug|x64.Build.0 = Debug|x64
		{4F3265E2-67C5-4967-B8FA-1571762A8294}.Release|x64.ActiveCfg = Release|x64
		{4F3265E2-67C5-4967-B8FA-1571762A8294}.Release|x64.Build.0 = Release|x64
		{B3E230C9-A303-4C68-8691-8AB0822925C3}.Debug|x64.ActiveCfg = Debug|x64
		{B3E230C9-A303-4C68-8691-8AB0822925C3}.Debug|x64.Build.0 = Debug|x64
		{B3E230C9-A303-4C68-8691-8AB0822925C3}.Release|x64.ActiveCfg = Release|x64
		{B3E230C9-A303-4C68-8691-8AB0822925C3}.Release|x64.Build.0 = Release|x64
		{A5DD5FF2-D454-456E-B80A-7E77EAFB4433}.Debug|x64.ActiveCfg = Debug|x64
		{A5DD5FF2-D454-456E-B80A-7E77EAFB4433}.Debug|x64.Build.0 = Debug|x64
		{A5DD5FF2-D454-456E-B80A-7E77EAFB4433}.Release|x64.ActiveCfg = Release|x64
		{A5DD5FF2-D454-456E-B80A-7E77EAFB4433}.Release|x64.Build.0 = Release|x64
	EndGlobalSection
	GlobalSection(SolutionProperties) = preSolution
		HideSolutionNode = FALSE
	EndGlobalSection
	GlobalSection(NestedProjects) = preSolution
		{B6DFCD0B-A590-489A-BD7D-54EDE27EBCCA} = {61B13938-2A49-4055-9F82-408CA73A43E0}
		{2428959B-A8CD-4714-925C-449824952972} = {61B13938-2A49-4055-9F82-408CA73A43E0}
		{A1259A23-9513-4BC9-955C-8460C98A84AF} = {00B8EA82-EE93-4557-A6F6-27E1FF7E9EB7}
		{58E5588C-DC09-4951-B8B0-3EF2BABD38F4} = {95ABA174-1152-401A-9D3E-9D6CDE2B9228}
		{49E26C62-F111-4C69-AC6A-784B219B9ADE} = {BDAB1C19-10D8-42C3-B247-7EBF52866D78}
		{03695492-74FF-4903-BE0B-6B46CFABA571} = {5A70F316-4DFE-4502-9A21-51B2BD05D446}
		{4DD40142-837D-4461-BA3F-0A805A2A057A} = {F3695239-C1C4-487E-A513-9D53EDECD849}
		{B1ED6EA7-DD8F-4F43-B429-4EB53F83041E} = {BAD8B21D-E3A6-4E48-B460-E07CDA086953}
		{99AC3A86-A531-4D77-92F9-461B12DC9B9C} = {F01AFD1D-F14F-405A-ACAF-5CD165266DC1}
		{9D66960B-9A65-4EBC-A634-54069B572D11} = {C2B7084E-0A4D-415C-B798-6AF9D358861C}
		{B21A457E-3E5C-4E42-9AFB-538781AD9F39} = {FB0B381C-979C-4651-AE85-A2E92A6579CB}
		{E303115F-3605-4683-A43D-57D46D553F27} = {65103D72-F115-49D4-BEAD-F0481A7C80E3}
		{840F8D30-4C17-4596-890B-0CD8281307E4} = {10BB7B6A-C1ED-49E8-8222-2D3943458912}
		{4F3265E2-67C5-4967-B8FA-1571762A8294} = {7C5C8E6E-462B-48F4-9D85-F162F59FD5CF}
		{B3E230C9-A303-4C68-8691-8AB0822925C3} = {D354EE7B-7CE9-48C7-B7D8-217592787F83}
		{A5DD5FF2-D454-456E-B80A-7E77EAFB4433} = {36099529-66C7-49EF-AFDA-F3D3F0AF19D0}
	EndGlobalSection
	GlobalSection(ExtensibilityGlobals) = postSolution
		SolutionGuid = {74B06FA8-487D-4545-8B72-13DF56D10686}
	EndGlobalSection
EndGlobal
